
Microsoft Visual Studio Solution File, Format Version 12.00
# Visual Studio 2015
Project("{FAE04EC0-301F-11D3-BF4B-00C04F79EFBC}") = "RA - ZoneTest", "RA - ZoneTest.csproj", "{BC99CE23-EB9B-7485-95CF-2E3305322131}"
EndProject
Project("{FAE04EC0-301F-11D3-BF4B-00C04F79EFBC}") = "RA - ZoneTest.Editor", "RA - ZoneTest.Editor.csproj", "{AA784ACB-4ECD-7963-D049-5C285E722A2F}"
EndProject
Global
	GlobalSection(SolutionConfigurationPlatforms) = preSolution
		Debug|Any CPU = Debug|Any CPU
		Release|Any CPU = Release|Any CPU
	EndGlobalSection
	GlobalSection(ProjectConfigurationPlatforms) = postSolution
		{BC99CE23-EB9B-7485-95CF-2E3305322131}.Debug|Any CPU.ActiveCfg = Debug|Any CPU
		{BC99CE23-EB9B-7485-95CF-2E3305322131}.Debug|Any CPU.Build.0 = Debug|Any CPU
		{BC99CE23-EB9B-7485-95CF-2E3305322131}.Release|Any CPU.ActiveCfg = Release|Any CPU
		{BC99CE23-EB9B-7485-95CF-2E3305322131}.Release|Any CPU.Build.0 = Release|Any CPU
		{AA784ACB-4ECD-7963-D049-5C285E722A2F}.Debug|Any CPU.ActiveCfg = Debug|Any CPU
		{AA784ACB-4ECD-7963-D049-5C285E722A2F}.Debug|Any CPU.Build.0 = Debug|Any CPU
		{AA784ACB-4ECD-7963-D049-5C285E722A2F}.Release|Any CPU.ActiveCfg = Release|Any CPU
		{AA784ACB-4ECD-7963-D049-5C285E722A2F}.Release|Any CPU.Build.0 = Release|Any CPU
	EndGlobalSection
	GlobalSection(SolutionProperties) = preSolution
		HideSolutionNode = FALSE
	EndGlobalSection
EndGlobal
