
Microsoft Visual Studio Solution File, Format Version 12.00
# Visual Studio 2015
Project("{FAE04EC0-301F-11D3-BF4B-00C04F79EFBC}") = "RA - Test n)1", "RA - Test n)1.csproj", "{72280334-8FD9-B8F5-3802-99B9414973C2}"
EndProject
Project("{FAE04EC0-301F-11D3-BF4B-00C04F79EFBC}") = "RA - Test n)1.Editor", "RA - Test n)1.Editor.csproj", "{F7018F8D-ECEA-9CDB-323E-04B9D4482E6A}"
EndProject
Global
	GlobalSection(SolutionConfigurationPlatforms) = preSolution
		Debug|Any CPU = Debug|Any CPU
		Release|Any CPU = Release|Any CPU
	EndGlobalSection
	GlobalSection(ProjectConfigurationPlatforms) = postSolution
		{72280334-8FD9-B8F5-3802-99B9414973C2}.Debug|Any CPU.ActiveCfg = Debug|Any CPU
		{72280334-8FD9-B8F5-3802-99B9414973C2}.Debug|Any CPU.Build.0 = Debug|Any CPU
		{72280334-8FD9-B8F5-3802-99B9414973C2}.Release|Any CPU.ActiveCfg = Release|Any CPU
		{72280334-8FD9-B8F5-3802-99B9414973C2}.Release|Any CPU.Build.0 = Release|Any CPU
		{F7018F8D-ECEA-9CDB-323E-04B9D4482E6A}.Debug|Any CPU.ActiveCfg = Debug|Any CPU
		{F7018F8D-ECEA-9CDB-323E-04B9D4482E6A}.Debug|Any CPU.Build.0 = Debug|Any CPU
		{F7018F8D-ECEA-9CDB-323E-04B9D4482E6A}.Release|Any CPU.ActiveCfg = Release|Any CPU
		{F7018F8D-ECEA-9CDB-323E-04B9D4482E6A}.Release|Any CPU.Build.0 = Release|Any CPU
	EndGlobalSection
	GlobalSection(SolutionProperties) = preSolution
		HideSolutionNode = FALSE
	EndGlobalSection
EndGlobal
